{
    "name": "@lifesg/design-core",
    "version": "0.1.0",
    "lockfileVersion": 3,
    "requires": true,
    "packages": {
        "": {
            "name": "@lifesg/design-core",
            "version": "0.1.0",
            "license": "ISC",
            "devDependencies": {
                "@lifesg/flagship-styles": "file:../../shared"
            },
            "peerDependencies": {
                "dayjs": "^1.11.0"
            },
            "peerDependenciesMeta": {
                "@lifesg/flagship-styles": {
                    "optional": true
                },
                "zustand": {
                    "optional": true
                }
            }
        },
        "../../shared": {
            "name": "@lifesg/flagship-styles",
            "version": "0.1.0",
            "dev": true,
            "devDependencies": {
                "typescript": "~5.7.0",
                "vite": "^6.0.0"
            }
        },
        "node_modules/@lifesg/flagship-styles": {
            "resolved": "../../shared",
            "link": true
        },
        "node_modules/dayjs": {
            "version": "1.11.21",
            "resolved": "https://registry.npmjs.org/dayjs/-/dayjs-1.11.21.tgz",
            "integrity": "sha512-98IT+HOahAisibz/yjKbzuOBwYcjJ7BCLPzARyHiyEBmRz4fatF+KPJszEHXsGYjUG234aH/cOjW1wwTbKUZlA==",
            "license": "MIT",
            "peer": true
        }
    }
}
